
Microsoft Visual Studio Solution File, Format Version 12.00
# Visual Studio Version 16
VisualStudioVersion = 16.0.29519.87
MinimumVisualStudioVersion = 10.0.40219.1
Project("{9A19103F-16F7-4668-BE54-9A1E7A4F7556}") = "ConsoleApp", "ConsoleApp\ConsoleApp.csproj", "{772CE560-C215-4318-A28F-ABCBFA841C78}"
EndProject
Project("{9A19103F-16F7-4668-BE54-9A1E7A4F7556}") = "ViewModel", "ViewModel\ViewModel.csproj", "{ECE54FE8-1226-4241-B3AF-7145871E13D4}"
EndProject
Project("{9A19103F-16F7-4668-BE54-9A1E7A4F7556}") = "Model", "Model\Model.csproj", "{0F770D3C-CFB7-4B89-B2DD-30C9A0082BB3}"
EndProject
Project("{9A19103F-16F7-4668-BE54-9A1E7A4F7556}") = "Core", "Core\Core.csproj", "{EBA884B9-B8FA-4B3C-AE05-53A84A07A0DB}"
EndProject
Project("{FAE04EC0-301F-11D3-BF4B-00C04F79EFBC}") = "UnitTests", "UnitTests\UnitTests.csproj", "{4E9A8FE5-3FE0-41D6-A5C7-C47EB77171F5}"
EndProject
Global
	GlobalSection(SolutionConfigurationPlatforms) = preSolution
		Debug|Any CPU = Debug|Any CPU
		Release|Any CPU = Release|Any CPU
	EndGlobalSection
	GlobalSection(ProjectConfigurationPlatforms) = postSolution
		{772CE560-C215-4318-A28F-ABCBFA841C78}.Debug|Any CPU.ActiveCfg = Debug|Any CPU
		{772CE560-C215-4318-A28F-ABCBFA841C78}.Debug|Any CPU.Build.0 = Debug|Any CPU
		{772CE560-C215-4318-A28F-ABCBFA841C78}.Release|Any CPU.ActiveCfg = Release|Any CPU
		{772CE560-C215-4318-A28F-ABCBFA841C78}.Release|Any CPU.Build.0 = Release|Any CPU
		{ECE54FE8-1226-4241-B3AF-7145871E13D4}.Debug|Any CPU.ActiveCfg = Debug|Any CPU
		{ECE54FE8-1226-4241-B3AF-7145871E13D4}.Debug|Any CPU.Build.0 = Debug|Any CPU
		{ECE54FE8-1226-4241-B3AF-7145871E13D4}.Release|Any CPU.ActiveCfg = Release|Any CPU
		{ECE54FE8-1226-4241-B3AF-7145871E13D4}.Release|Any CPU.Build.0 = Release|Any CPU
		{0F770D3C-CFB7-4B89-B2DD-30C9A0082BB3}.Debug|Any CPU.ActiveCfg = Debug|Any CPU
		{0F770D3C-CFB7-4B89-B2DD-30C9A0082BB3}.Debug|Any CPU.Build.0 = Debug|Any CPU
		{0F770D3C-CFB7-4B89-B2DD-30C9A0082BB3}.Release|Any CPU.ActiveCfg = Release|Any CPU
		{0F770D3C-CFB7-4B89-B2DD-30C9A0082BB3}.Release|Any CPU.Build.0 = Release|Any CPU
		{EBA884B9-B8FA-4B3C-AE05-53A84A07A0DB}.Debug|Any CPU.ActiveCfg = Debug|Any CPU
		{EBA884B9-B8FA-4B3C-AE05-53A84A07A0DB}.Debug|Any CPU.Build.0 = Debug|Any CPU
		{EBA884B9-B8FA-4B3C-AE05-53A84A07A0DB}.Release|Any CPU.ActiveCfg = Release|Any CPU
		{EBA884B9-B8FA-4B3C-AE05-53A84A07A0DB}.Release|Any CPU.Build.0 = Release|Any CPU
		{4E9A8FE5-3FE0-41D6-A5C7-C47EB77171F5}.Debug|Any CPU.ActiveCfg = Debug|Any CPU
		{4E9A8FE5-3FE0-41D6-A5C7-C47EB77171F5}.Debug|Any CPU.Build.0 = Debug|Any CPU
		{4E9A8FE5-3FE0-41D6-A5C7-C47EB77171F5}.Release|Any CPU.ActiveCfg = Release|Any CPU
		{4E9A8FE5-3FE0-41D6-A5C7-C47EB77171F5}.Release|Any CPU.Build.0 = Release|Any CPU
	EndGlobalSection
	GlobalSection(SolutionProperties) = preSolution
		HideSolutionNode = FALSE
	EndGlobalSection
	GlobalSection(ExtensibilityGlobals) = postSolution
		SolutionGuid = {4B1F7CBE-3946-4696-86A4-C70902E1D445}
	EndGlobalSection
EndGlobal
